{
    "_readme": [
        "This file locks the dependencies of your project to a known state",
        "Read more about it at https://getcomposer.org/doc/01-basic-usage.md#installing-dependencies",
        "This file is @generated automatically"
    ],
    "content-hash": "5760110e5fe9c12f30c1593c7334ec0b",
    "packages": [
        {
            "name": "jandrabek/tracy-gitversion-panel",
            "version": "2.0",
            "source": {
                "type": "git",
                "url": "https://github.com/repli2dev/tracy-gitversion-panel.git",
                "reference": "3617ba9b663b751c492cea1879ccbe01fdfa0b73"
            },
            "dist": {
                "type": "zip",
                "url": "https://api.github.com/repos/repli2dev/tracy-gitversion-panel/zipball/3617ba9b663b751c492cea1879ccbe01fdfa0b73",
                "reference": "3617ba9b663b751c492cea1879ccbe01fdfa0b73",
                "shasum": ""
            },
            "require": {
                "php": ">= 5.3.2",
                "tracy/tracy": "~2.2"
            },
            "type": "library",
            "autoload": {
                "psr-4": {
                    "JanDrabek\\Tracy\\": "src/"
                }
            },
            "notification-url": "https://packagist.org/downloads/",
            "license": [
                "BSD-3-Clause"
            ],
            "authors": [
                {
                    "name": "Vojtěch Vondra",
                    "homepage": "http://www.vojtechvondra.cz"
                },
                {
                    "name": "Jan Drábek",
                    "homepage": "http://www.jandrabek.cz"
                },
                {
                    "name": "Štěpán Škorpil",
                    "homepage": "http://www.skorpils.cz"
                }
            ],
            "description": "Tracy DebugBar panel displaying current project git branch.",
            "keywords": [
                "branch",
                "debug",
                "git",
                "log",
                "nette"
            ],
            "time": "2017-04-24T07:18:46+00:00"
        },
        {
            "name": "latte/latte",
            "version": "dev-master",
            "source": {
                "type": "git",
                "url": "https://github.com/nette/latte.git",
                "reference": "53960f1255f9bde1f6ade43bf6b411eeda5348c3"
            },
            "dist": {
                "type": "zip",
                "url": "https://api.github.com/repos/nette/latte/zipball/53960f1255f9bde1f6ade43bf6b411eeda5348c3",
                "reference": "53960f1255f9bde1f6ade43bf6b411eeda5348c3",
                "shasum": ""
            },
            "require": {
                "ext-json": "*",
                "ext-tokenizer": "*",
                "php": ">=7.1"
            },
            "conflict": {
                "nette/application": "<3.0"
            },
            "require-dev": {
                "nette/php-generator": "^3.3.4",
                "nette/tester": "~2.0",
                "nette/utils": "^3.0",
                "phpstan/phpstan": "^0.12",
                "tracy/tracy": "^2.3"
            },
            "suggest": {
                "ext-fileinfo": "to use filter |datastream",
                "ext-mbstring": "to use filters like lower, upper, capitalize, ...",
                "nette/php-generator": "to use tag {templatePrint}",
                "nette/utils": "to use filter |webalize"
            },
            "type": "library",
            "extra": {
                "branch-alias": {
                    "dev-master": "3.0-dev"
                }
            },
            "autoload": {
                "classmap": [
                    "src/"
                ]
            },
            "notification-url": "https://packagist.org/downloads/",
            "license": [
                "BSD-3-Clause",
                "GPL-2.0-only",
                "GPL-3.0-only"
            ],
            "authors": [
                {
                    "name": "David Grudl",
                    "homepage": "https://davidgrudl.com"
                },
                {
                    "name": "Nette Community",
                    "homepage": "https://nette.org/contributors"
                }
            ],
            "description": "☕ Latte: the intuitive and fast template engine for those who want the most secure PHP sites. Introduces context-sensitive escaping.",
            "homepage": "https://latte.nette.org",
            "keywords": [
                "context-sensitive",
                "engine",
                "escaping",
                "html",
                "nette",
                "security",
                "template",
                "twig"
            ],
            "time": "2020-02-25T11:36:22+00:00"
        },
        {
            "name": "mammoth/mammoth",
            "version": "dev-master",
            "source": {
                "type": "git",
                "url": "https://github.com/ceskyDJ/mammoth.git",
                "reference": "c6892bf797b86022ae756623423eeebe6b1e1bec"
            },
            "dist": {
                "type": "zip",
                "url": "https://api.github.com/repos/ceskyDJ/mammoth/zipball/c6892bf797b86022ae756623423eeebe6b1e1bec",
                "reference": "c6892bf797b86022ae756623423eeebe6b1e1bec",
                "shasum": ""
            },
            "require": {
                "ext-mbstring": "*",
                "ext-pdo": "*",
                "jandrabek/tracy-gitversion-panel": "^2.0",
                "latte/latte": "^3.0@dev",
                "nette/database": "^3.0",
                "php": ">=7.4",
                "tracy/tracy": "^2.6"
            },
            "require-dev": {
                "rector/rector": "^0.6.2"
            },
            "type": "library",
            "autoload": {
                "psr-4": {
                    "Mammoth\\": "src/"
                }
            },
            "notification-url": "https://packagist.org/downloads/",
            "license": [
                "MIT"
            ],
            "authors": [
                {
                    "name": "Michal ŠMAHEL",
                    "email": "admin@ceskydj.cz"
                }
            ],
            "description": "Mammoth - Lightweight easy to use PHP framework",
            "time": "2020-02-25T13:04:35+00:00"
        },
        {
            "name": "nette/caching",
            "version": "dev-master",
            "source": {
                "type": "git",
                "url": "https://github.com/nette/caching.git",
                "reference": "a7d8283cafc19c0d1823d13ee8165abdd04eb295"
            },
            "dist": {
                "type": "zip",
                "url": "https://api.github.com/repos/nette/caching/zipball/a7d8283cafc19c0d1823d13ee8165abdd04eb295",
                "reference": "a7d8283cafc19c0d1823d13ee8165abdd04eb295",
                "shasum": ""
            },
            "require": {
                "nette/finder": "^2.4 || ^3.0",
                "nette/utils": "^2.4 || ^3.0",
                "php": ">=7.1"
            },
            "require-dev": {
                "latte/latte": "^2.4",
                "nette/di": "^v3.0",
                "nette/tester": "^2.0",
                "phpstan/phpstan": "^0.12",
                "tracy/tracy": "^2.4"
            },
            "suggest": {
                "ext-pdo_sqlite": "to use SQLiteStorage or SQLiteJournal"
            },
            "type": "library",
            "extra": {
                "branch-alias": {
                    "dev-master": "3.0-dev"
                }
            },
            "autoload": {
                "classmap": [
                    "src/"
                ]
            },
            "notification-url": "https://packagist.org/downloads/",
            "license": [
                "BSD-3-Clause",
                "GPL-2.0-only",
                "GPL-3.0-only"
            ],
            "authors": [
                {
                    "name": "David Grudl",
                    "homepage": "https://davidgrudl.com"
                },
                {
                    "name": "Nette Community",
                    "homepage": "https://nette.org/contributors"
                }
            ],
            "description": "⏱ Nette Caching: library with easy-to-use API and many cache backends.",
            "homepage": "https://nette.org",
            "keywords": [
                "cache",
                "journal",
                "memcached",
                "nette",
                "sqlite"
            ],
            "time": "2020-02-23T18:23:59+00:00"
        },
        {
            "name": "nette/database",
            "version": "dev-master",
            "source": {
                "type": "git",
                "url": "https://github.com/nette/database.git",
                "reference": "fd7fcd6a079e20722703a4f6f9b6d37054d6e4f0"
            },
            "dist": {
                "type": "zip",
                "url": "https://api.github.com/repos/nette/database/zipball/fd7fcd6a079e20722703a4f6f9b6d37054d6e4f0",
                "reference": "fd7fcd6a079e20722703a4f6f9b6d37054d6e4f0",
                "shasum": ""
            },
            "require": {
                "ext-pdo": "*",
                "nette/caching": "^3.0",
                "nette/utils": "^3.1",
                "php": ">=7.1"
            },
            "conflict": {
                "nette/di": "<3.0-stable"
            },
            "require-dev": {
                "mockery/mockery": "^1.0.0",
                "nette/di": "^v3.0",
                "nette/tester": "^2.0",
                "phpstan/phpstan-nette": "^0.12",
                "tracy/tracy": "^2.4"
            },
            "type": "library",
            "extra": {
                "branch-alias": {
                    "dev-master": "3.0-dev"
                }
            },
            "autoload": {
                "classmap": [
                    "src/"
                ]
            },
            "notification-url": "https://packagist.org/downloads/",
            "license": [
                "BSD-3-Clause",
                "GPL-2.0-only",
                "GPL-3.0-only"
            ],
            "authors": [
                {
                    "name": "David Grudl",
                    "homepage": "https://davidgrudl.com"
                },
                {
                    "name": "Nette Community",
                    "homepage": "https://nette.org/contributors"
                }
            ],
            "description": "💾 Nette Database: layer with a familiar PDO-like API but much more powerful. Building queries, advanced joins, drivers for MySQL, PostgreSQL, SQLite, MS SQL Server and Oracle.",
            "homepage": "https://nette.org",
            "keywords": [
                "database",
                "mssql",
                "mysql",
                "nette",
                "notorm",
                "oracle",
                "pdo",
                "postgresql",
                "queries",
                "sqlite"
            ],
            "time": "2020-02-23T18:04:01+00:00"
        },
        {
            "name": "nette/finder",
            "version": "dev-master",
            "source": {
                "type": "git",
                "url": "https://github.com/nette/finder.git",
                "reference": "4680e64517c7a3ddaa4faf80012d81ded9aada4b"
            },
            "dist": {
                "type": "zip",
                "url": "https://api.github.com/repos/nette/finder/zipball/4680e64517c7a3ddaa4faf80012d81ded9aada4b",
                "reference": "4680e64517c7a3ddaa4faf80012d81ded9aada4b",
                "shasum": ""
            },
            "require": {
                "nette/utils": "^3.0",
                "php": ">=7.1"
            },
            "require-dev": {
                "nette/tester": "^2.2",
                "phpstan/phpstan": "^0.12",
                "tracy/tracy": "^2.6"
            },
            "type": "library",
            "extra": {
                "branch-alias": {
                    "dev-master": "3.0-dev"
                }
            },
            "autoload": {
                "classmap": [
                    "src/"
                ]
            },
            "notification-url": "https://packagist.org/downloads/",
            "license": [
                "BSD-3-Clause",
                "GPL-2.0-only",
                "GPL-3.0-only"
            ],
            "authors": [
                {
                    "name": "David Grudl",
                    "homepage": "https://davidgrudl.com"
                },
                {
                    "name": "Nette Community",
                    "homepage": "https://nette.org/contributors"
                }
            ],
            "description": "🔍 Nette Finder: find files and directories with an intuitive API.",
            "homepage": "https://nette.org",
            "keywords": [
                "filesystem",
                "glob",
                "iterator",
                "nette"
            ],
            "time": "2020-02-23T18:11:20+00:00"
        },
        {
            "name": "nette/utils",
            "version": "dev-master",
            "source": {
                "type": "git",
                "url": "https://github.com/nette/utils.git",
                "reference": "9d400daef4171af46eee69654d118bbfff6a35f6"
            },
            "dist": {
                "type": "zip",
                "url": "https://api.github.com/repos/nette/utils/zipball/9d400daef4171af46eee69654d118bbfff6a35f6",
                "reference": "9d400daef4171af46eee69654d118bbfff6a35f6",
                "shasum": ""
            },
            "require": {
                "php": ">=7.1"
            },
            "require-dev": {
                "nette/tester": "~2.0",
                "phpstan/phpstan": "^0.12",
                "tracy/tracy": "^2.3"
            },
            "suggest": {
                "ext-gd": "to use Image",
                "ext-iconv": "to use Strings::webalize() and toAscii()",
                "ext-intl": "to use Strings::webalize(), toAscii(), normalize() and compare()",
                "ext-json": "to use Nette\\Utils\\Json",
                "ext-mbstring": "to use Strings::lower() etc...",
                "ext-tokenizer": "to use Nette\\Utils\\Reflection::getUseStatements()",
                "ext-xml": "to use Strings::length() etc. when mbstring is not available"
            },
            "type": "library",
            "extra": {
                "branch-alias": {
                    "dev-master": "3.1-dev"
                }
            },
            "autoload": {
                "classmap": [
                    "src/"
                ]
            },
            "notification-url": "https://packagist.org/downloads/",
            "license": [
                "BSD-3-Clause",
                "GPL-2.0-only",
                "GPL-3.0-only"
            ],
            "authors": [
                {
                    "name": "David Grudl",
                    "homepage": "https://davidgrudl.com"
                },
                {
                    "name": "Nette Community",
                    "homepage": "https://nette.org/contributors"
                }
            ],
            "description": "🛠 Nette Utils: lightweight utilities for string & array manipulation, image handling, safe JSON encoding/decoding, validation, slug or strong password generating etc.",
            "homepage": "https://nette.org",
            "keywords": [
                "array",
                "core",
                "datetime",
                "images",
                "json",
                "nette",
                "paginator",
                "password",
                "slugify",
                "string",
                "unicode",
                "utf-8",
                "utility",
                "validation"
            ],
            "time": "2020-02-09T14:10:55+00:00"
        },
        {
            "name": "tracy/tracy",
            "version": "dev-master",
            "source": {
                "type": "git",
                "url": "https://github.com/nette/tracy.git",
                "reference": "344c77293038173f49678d9a95c27da6cbdbccd0"
            },
            "dist": {
                "type": "zip",
                "url": "https://api.github.com/repos/nette/tracy/zipball/344c77293038173f49678d9a95c27da6cbdbccd0",
                "reference": "344c77293038173f49678d9a95c27da6cbdbccd0",
                "shasum": ""
            },
            "require": {
                "ext-json": "*",
                "ext-session": "*",
                "php": ">=7.1"
            },
            "conflict": {
                "nette/di": "<3.0"
            },
            "require-dev": {
                "latte/latte": "^2.5",
                "nette/di": "^3.0",
                "nette/mail": "^3.0",
                "nette/tester": "^2.2",
                "nette/utils": "^3.0",
                "phpstan/phpstan": "^0.12",
                "psr/log": "^1.0"
            },
            "suggest": {
                "https://nette.org/donate": "Please support Tracy via a donation"
            },
            "type": "library",
            "extra": {
                "branch-alias": {
                    "dev-master": "2.7-dev"
                }
            },
            "autoload": {
                "classmap": [
                    "src"
                ],
                "files": [
                    "src/Tracy/shortcuts.php"
                ]
            },
            "notification-url": "https://packagist.org/downloads/",
            "license": [
                "BSD-3-Clause"
            ],
            "authors": [
                {
                    "name": "David Grudl",
                    "homepage": "https://davidgrudl.com"
                },
                {
                    "name": "Nette Community",
                    "homepage": "https://nette.org/contributors"
                }
            ],
            "description": "😎 Tracy: the addictive tool to ease debugging PHP code for cool developers. Friendly design, logging, profiler, advanced features like debugging AJAX calls or CLI support. You will love it.",
            "homepage": "https://tracy.nette.org",
            "keywords": [
                "Xdebug",
                "debug",
                "debugger",
                "nette",
                "profiler"
            ],
            "time": "2020-02-23T18:40:15+00:00"
        }
    ],
    "packages-dev": [],
    "aliases": [],
    "minimum-stability": "dev",
    "stability-flags": {
        "mammoth/mammoth": 20
    },
    "prefer-stable": false,
    "prefer-lowest": false,
    "platform": {
        "php": ">=7.4",
        "ext-mbstring": "*"
    },
    "platform-dev": []
}
